
Microsoft Visual Studio Solution File, Format Version 12.00
# Visual Studio Version 16
VisualStudioVersion = 16.0.29728.190
MinimumVisualStudioVersion = 10.0.40219.1
Project("{FAE04EC0-301F-11D3-BF4B-00C04F79EFBC}") = "MeetingRoomApi", "MeetingRoomApi\MeetingRoomApi.csproj", "{41441294-9C9B-4718-88FD-EDD40EED1B2D}"
EndProject
Global
	GlobalSection(SolutionConfigurationPlatforms) = preSolution
		Debug|Any CPU = Debug|Any CPU
		Release|Any CPU = Release|Any CPU
	EndGlobalSection
	GlobalSection(ProjectConfigurationPlatforms) = postSolution
		{41441294-9C9B-4718-88FD-EDD40EED1B2D}.Debug|Any CPU.ActiveCfg = Debug|Any CPU
		{41441294-9C9B-4718-88FD-EDD40EED1B2D}.Debug|Any CPU.Build.0 = Debug|Any CPU
		{41441294-9C9B-4718-88FD-EDD40EED1B2D}.Release|Any CPU.ActiveCfg = Release|Any CPU
		{41441294-9C9B-4718-88FD-EDD40EED1B2D}.Release|Any CPU.Build.0 = Release|Any CPU
	EndGlobalSection
	GlobalSection(SolutionProperties) = preSolution
		HideSolutionNode = FALSE
	EndGlobalSection
	GlobalSection(ExtensibilityGlobals) = postSolution
		SolutionGuid = {CF99F67D-4600-4DFA-8FAA-D2BF2BD32C0F}
	EndGlobalSection
EndGlobal
